
Microsoft Visual Studio Solution File, Format Version 12.00
# Visual Studio Version 17
VisualStudioVersion = 17.8.34330.188
MinimumVisualStudioVersion = 10.0.40219.1
Project("{FAE04EC0-301F-11D3-BF4B-00C04F79EFBC}") = "ProyectoFinal", "ProyectoFinal.csproj", "{06093F67-03EE-4C16-9AD0-87951B3AE1C9}"
EndProject
Global
	GlobalSection(SolutionConfigurationPlatforms) = preSolution
		Debug|Any CPU = Debug|Any CPU
		Release|Any CPU = Release|Any CPU
	EndGlobalSection
	GlobalSection(ProjectConfigurationPlatforms) = postSolution
		{06093F67-03EE-4C16-9AD0-87951B3AE1C9}.Debug|Any CPU.ActiveCfg = Debug|Any CPU
		{06093F67-03EE-4C16-9AD0-87951B3AE1C9}.Debug|Any CPU.Build.0 = Debug|Any CPU
		{06093F67-03EE-4C16-9AD0-87951B3AE1C9}.Release|Any CPU.ActiveCfg = Release|Any CPU
		{06093F67-03EE-4C16-9AD0-87951B3AE1C9}.Release|Any CPU.Build.0 = Release|Any CPU
	EndGlobalSection
	GlobalSection(SolutionProperties) = preSolution
		HideSolutionNode = FALSE
	EndGlobalSection
	GlobalSection(ExtensibilityGlobals) = postSolution
		SolutionGuid = {4A22BFB3-F929-43A0-88DF-0629DB93E471}
	EndGlobalSection
EndGlobal
